// !$*UTF8*$!
{
	archiveVersion = 1;
	classes = {
	};
	objectVersion = 50;
	objects = {

/* Begin PBXBuildFile section */
		98C43F3C2062473700FC1A57 /* AppDelegate.swift in Sources */ = {isa = PBXBuildFile; fileRef = 98C43F3B2062473700FC1A57 /* AppDelegate.swift */; };
		98C43F3E2062473800FC1A57 /* ViewController.swift in Sources */ = {isa = PBXBuildFile; fileRef = 98C43F3D2062473800FC1A57 /* ViewController.swift */; };
		98C43F412062473800FC1A57 /* Main.storyboard in Resources */ = {isa = PBXBuildFile; fileRef = 98C43F3F2062473800FC1A57 /* Main.storyboard */; };
		98C43F432062473C00FC1A57 /* Assets.xcassets in Resources */ = {isa = PBXBuildFile; fileRef = 98C43F422062473C00FC1A57 /* Assets.xcassets */; };
		98C43F462062473C00FC1A57 /* LaunchScreen.storyboard in Resources */ = {isa = PBXBuildFile; fileRef = 98C43F442062473C00FC1A57 /* LaunchScreen.storyboard */; };
		98C43F512062473C00FC1A57 /* iOS_erTests.swift in Sources */ = {isa = PBXBuildFile; fileRef = 98C43F502062473C00FC1A57 /* iOS_erTests.swift */; };
		98C43F5C2062473C00FC1A57 /* iOS_erUITests.swift in Sources */ = {isa = PBXBuildFile; fileRef = 98C43F5B2062473C00FC1A57 /* iOS_erUITests.swift */; };
/* End PBXBuildFile section */

/* Begin PBXContainerItemProxy section */
		98C43F4D2062473C00FC1A57 /* PBXContainerItemProxy */ = {
			isa = PBXContainerItemProxy;
			containerPortal = 98C43F302062473700FC1A57 /* Project object */;
			proxyType = 1;
			remoteGlobalIDString = 98C43F372062473700FC1A57;
			remoteInfo = "iOS逆er";
		};
		98C43F582062473C00FC1A57 /* PBXContainerItemProxy */ = {
			isa = PBXContainerItemProxy;
			containerPortal = 98C43F302062473700FC1A57 /* Project object */;
			proxyType = 1;
			remoteGlobalIDString = 98C43F372062473700FC1A57;
			remoteInfo = "iOS逆er";
		};
/* End PBXContainerItemProxy section */

/* Begin PBXFileReference section */
		98C43F382062473700FC1A57 /* iOS逆er.app */ = {isa = PBXFileReference; explicitFileType = wrapper.application; includeInIndex = 0; path = "iOS逆er.app"; sourceTree = BUILT_PRODUCTS_DIR; };
		98C43F3B2062473700FC1A57 /* AppDelegate.swift */ = {isa = PBXFileReference; lastKnownFileType = sourcecode.swift; path = AppDelegate.swift; sourceTree = "<group>"; };
		98C43F3D2062473800FC1A57 /* ViewController.swift */ = {isa = PBXFileReference; lastKnownFileType = sourcecode.swift; path = ViewController.swift; sourceTree = "<group>"; };
		98C43F402062473800FC1A57 /* Base */ = {isa = PBXFileReference; lastKnownFileType = file.storyboard; name = Base; path = Base.lproj/Main.storyboard; sourceTree = "<group>"; };
		98C43F422062473C00FC1A57 /* Assets.xcassets */ = {isa = PBXFileReference; lastKnownFileType = folder.assetcatalog; path = Assets.xcassets; sourceTree = "<group>"; };
		98C43F452062473C00FC1A57 /* Base */ = {isa = PBXFileReference; lastKnownFileType = file.storyboard; name = Base; path = Base.lproj/LaunchScreen.storyboard; sourceTree = "<group>"; };
		98C43F472062473C00FC1A57 /* Info.plist */ = {isa = PBXFileReference; lastKnownFileType = text.plist.xml; path = Info.plist; sourceTree = "<group>"; };
		98C43F4C2062473C00FC1A57 /* iOS逆erTests.xctest */ = {isa = PBXFileReference; explicitFileType = wrapper.cfbundle; includeInIndex = 0; path = "iOS逆erTests.xctest"; sourceTree = BUILT_PRODUCTS_DIR; };
		98C43F502062473C00FC1A57 /* iOS_erTests.swift */ = {isa = PBXFileReference; lastKnownFileType = sourcecode.swift; path = iOS_erTests.swift; sourceTree = "<group>"; };
		98C43F522062473C00FC1A57 /* Info.plist */ = {isa = PBXFileReference; lastKnownFileType = text.plist.xml; path = Info.plist; sourceTree = "<group>"; };
		98C43F572062473C00FC1A57 /* iOS逆erUITests.xctest */ = {isa = PBXFileReference; explicitFileType = wrapper.cfbundle; includeInIndex = 0; path = "iOS逆erUITests.xctest"; sourceTree = BUILT_PRODUCTS_DIR; };
		98C43F5B2062473C00FC1A57 /* iOS_erUITests.swift */ = {isa = PBXFileReference; lastKnownFileType = sourcecode.swift; path = iOS_erUITests.swift; sourceTree = "<group>"; };
		98C43F5D2062473C00FC1A57 /* Info.plist */ = {isa = PBXFileReference; lastKnownFileType = text.plist.xml; path = Info.plist; sourceTree = "<group>"; };
/* End PBXFileReference section */

/* Begin PBXFrameworksBuildPhase section */
		98C43F352062473700FC1A57 /* Frameworks */ = {
			isa = PBXFrameworksBuildPhase;
			buildActionMask = 2147483647;
			files = (
			);
			runOnlyForDeploymentPostprocessing = 0;
		};
		98C43F492062473C00FC1A57 /* Frameworks */ = {
			isa = PBXFrameworksBuildPhase;
			buildActionMask = 2147483647;
			files = (
			);
			runOnlyForDeploymentPostprocessing = 0;
		};
		98C43F542062473C00FC1A57 /* Frameworks */ = {
			isa = PBXFrameworksBuildPhase;
			buildActionMask = 2147483647;
			files = (
			);
			runOnlyForDeploymentPostprocessing = 0;
		};
/* End PBXFrameworksBuildPhase section */

/* Begin PBXGroup section */
		98C43F2F2062473700FC1A57 = {
			isa = PBXGroup;
			children = (
				98C43F3A2062473700FC1A57 /* iOS逆er */,
				98C43F4F2062473C00FC1A57 /* iOS逆erTests */,
				98C43F5A2062473C00FC1A57 /* iOS逆erUITests */,
				98C43F392062473700FC1A57 /* Products */,
			);
			sourceTree = "<group>";
		};
		98C43F392062473700FC1A57 /* Products */ = {
			isa = PBXGroup;
			children = (
				98C43F382062473700FC1A57 /* iOS逆er.app */,
				98C43F4C2062473C00FC1A57 /* iOS逆erTests.xctest */,
				98C43F572062473C00FC1A57 /* iOS逆erUITests.xctest */,
			);
			name = Products;
			sourceTree = "<group>";
		};
		98C43F3A2062473700FC1A57 /* iOS逆er */ = {
			isa = PBXGroup;
			children = (
				98C43F3B2062473700FC1A57 /* AppDelegate.swift */,
				98C43F3D2062473800FC1A57 /* ViewController.swift */,
				98C43F3F2062473800FC1A57 /* Main.storyboard */,
				98C43F422062473C00FC1A57 /* Assets.xcassets */,
				98C43F442062473C00FC1A57 /* LaunchScreen.storyboard */,
				98C43F472062473C00FC1A57 /* Info.plist */,
			);
			path = "iOS逆er";
			sourceTree = "<group>";
		};
		98C43F4F2062473C00FC1A57 /* iOS逆erTests */ = {
			isa = PBXGroup;
			children = (
				98C43F502062473C00FC1A57 /* iOS_erTests.swift */,
				98C43F522062473C00FC1A57 /* Info.plist */,
			);
			path = "iOS逆erTests";
			sourceTree = "<group>";
		};
		98C43F5A2062473C00FC1A57 /* iOS逆erUITests */ = {
			isa = PBXGroup;
			children = (
				98C43F5B2062473C00FC1A57 /* iOS_erUITests.swift */,
				98C43F5D2062473C00FC1A57 /* Info.plist */,
			);
			path = "iOS逆erUITests";
			sourceTree = "<group>";
		};
/* End PBXGroup section */

/* Begin PBXNativeTarget section */
		98C43F372062473700FC1A57 /* iOS逆er */ = {
			isa = PBXNativeTarget;
			buildConfigurationList = 98C43F602062473C00FC1A57 /* Build configuration list for PBXNativeTarget "iOS逆er" */;
			buildPhases = (
				98C43F342062473700FC1A57 /* Sources */,
				98C43F352062473700FC1A57 /* Frameworks */,
				98C43F362062473700FC1A57 /* Resources */,
			);
			buildRules = (
			);
			dependencies = (
			);
			name = "iOS逆er";
			productName = "iOS逆er";
			productReference = 98C43F382062473700FC1A57 /* iOS逆er.app */;
			productType = "com.apple.product-type.application";
		};
		98C43F4B2062473C00FC1A57 /* iOS逆erTests */ = {
			isa = PBXNativeTarget;
			buildConfigurationList = 98C43F632062473C00FC1A57 /* Build configuration list for PBXNativeTarget "iOS逆erTests" */;
			buildPhases = (
				98C43F482062473C00FC1A57 /* Sources */,
				98C43F492062473C00FC1A57 /* Frameworks */,
				98C43F4A2062473C00FC1A57 /* Resources */,
			);
			buildRules = (
			);
			dependencies = (
				98C43F4E2062473C00FC1A57 /* PBXTargetDependency */,
			);
			name = "iOS逆erTests";
			productName = "iOS逆erTests";
			productReference = 98C43F4C2062473C00FC1A57 /* iOS逆erTests.xctest */;
			productType = "com.apple.product-type.bundle.unit-test";
		};
		98C43F562062473C00FC1A57 /* iOS逆erUITests */ = {
			isa = PBXNativeTarget;
			buildConfigurationList = 98C43F662062473C00FC1A57 /* Build configuration list for PBXNativeTarget "iOS逆erUITests" */;
			buildPhases = (
				98C43F532062473C00FC1A57 /* Sources */,
				98C43F542062473C00FC1A57 /* Frameworks */,
				98C43F552062473C00FC1A57 /* Resources */,
			);
			buildRules = (
			);
			dependencies = (
				98C43F592062473C00FC1A57 /* PBXTargetDependency */,
			);
			name = "iOS逆erUITests";
			productName = "iOS逆erUITests";
			productReference = 98C43F572062473C00FC1A57 /* iOS逆erUITests.xctest */;
			productType = "com.apple.product-type.bundle.ui-testing";
		};
/* End PBXNativeTarget section */

/* Begin PBXProject section */
		98C43F302062473700FC1A57 /* Project object */ = {
			isa = PBXProject;
			attributes = {
				LastSwiftUpdateCheck = 0930;
				LastUpgradeCheck = 0930;
				ORGANIZATIONNAME = fox;
				TargetAttributes = {
					98C43F372062473700FC1A57 = {
						CreatedOnToolsVersion = 9.3;
					};
					98C43F4B2062473C00FC1A57 = {
						CreatedOnToolsVersion = 9.3;
						TestTargetID = 98C43F372062473700FC1A57;
					};
					98C43F562062473C00FC1A57 = {
						CreatedOnToolsVersion = 9.3;
						TestTargetID = 98C43F372062473700FC1A57;
					};
				};
			};
			buildConfigurationList = 98C43F332062473700FC1A57 /* Build configuration list for PBXProject "iOS逆er" */;
			compatibilityVersion = "Xcode 9.3";
			developmentRegion = en;
			hasScannedForEncodings = 0;
			knownRegions = (
				en,
				Base,
			);
			mainGroup = 98C43F2F2062473700FC1A57;
			productRefGroup = 98C43F392062473700FC1A57 /* Products */;
			projectDirPath = "";
			projectRoot = "";
			targets = (
				98C43F372062473700FC1A57 /* iOS逆er */,
				98C43F4B2062473C00FC1A57 /* iOS逆erTests */,
				98C43F562062473C00FC1A57 /* iOS逆erUITests */,
			);
		};
/* End PBXProject section */

/* Begin PBXResourcesBuildPhase section */
		98C43F362062473700FC1A57 /* Resources */ = {
			isa = PBXResourcesBuildPhase;
			buildActionMask = 2147483647;
			files = (
				98C43F462062473C00FC1A57 /* LaunchScreen.storyboard in Resources */,
				98C43F432062473C00FC1A57 /* Assets.xcassets in Resources */,
				98C43F412062473800FC1A57 /* Main.storyboard in Resources */,
			);
			runOnlyForDeploymentPostprocessing = 0;
		};
		98C43F4A2062473C00FC1A57 /* Resources */ = {
			isa = PBXResourcesBuildPhase;
			buildActionMask = 2147483647;
			files = (
			);
			runOnlyForDeploymentPostprocessing = 0;
		};
		98C43F552062473C00FC1A57 /* Resources */ = {
			isa = PBXResourcesBuildPhase;
			buildActionMask = 2147483647;
			files = (
			);
			runOnlyForDeploymentPostprocessing = 0;
		};
/* End PBXResourcesBuildPhase section */

/* Begin PBXSourcesBuildPhase section */
		98C43F342062473700FC1A57 /* Sources */ = {
			isa = PBXSourcesBuildPhase;
			buildActionMask = 2147483647;
			files = (
				98C43F3E2062473800FC1A57 /* ViewController.swift in Sources */,
				98C43F3C2062473700FC1A57 /* AppDelegate.swift in Sources */,
			);
			runOnlyForDeploymentPostprocessing = 0;
		};
		98C43F482062473C00FC1A57 /* Sources */ = {
			isa = PBXSourcesBuildPhase;
			buildActionMask = 2147483647;
			files = (
				98C43F512062473C00FC1A57 /* iOS_erTests.swift in Sources */,
			);
			runOnlyForDeploymentPostprocessing = 0;
		};
		98C43F532062473C00FC1A57 /* Sources */ = {
			isa = PBXSourcesBuildPhase;
			buildActionMask = 2147483647;
			files = (
				98C43F5C2062473C00FC1A57 /* iOS_erUITests.swift in Sources */,
			);
			runOnlyForDeploymentPostprocessing = 0;
		};
/* End PBXSourcesBuildPhase section */

/* Begin PBXTargetDependency section */
		98C43F4E2062473C00FC1A57 /* PBXTargetDependency */ = {
			isa = PBXTargetDependency;
			target = 98C43F372062473700FC1A57 /* iOS逆er */;
			targetProxy = 98C43F4D2062473C00FC1A57 /* PBXContainerItemProxy */;
		};
		98C43F592062473C00FC1A57 /* PBXTargetDependency */ = {
			isa = PBXTargetDependency;
			target = 98C43F372062473700FC1A57 /* iOS逆er */;
			targetProxy = 98C43F582062473C00FC1A57 /* PBXContainerItemProxy */;
		};
/* End PBXTargetDependency section */

/* Begin PBXVariantGroup section */
		98C43F3F2062473800FC1A57 /* Main.storyboard */ = {
			isa = PBXVariantGroup;
			children = (
				98C43F402062473800FC1A57 /* Base */,
			);
			name = Main.storyboard;
			sourceTree = "<group>";
		};
		98C43F442062473C00FC1A57 /* LaunchScreen.storyboard */ = {
			isa = PBXVariantGroup;
			children = (
				98C43F452062473C00FC1A57 /* Base */,
			);
			name = LaunchScreen.storyboard;
			sourceTree = "<group>";
		};
/* End PBXVariantGroup section */

/* Begin XCBuildConfiguration section */
		98C43F5E2062473C00FC1A57 /* Debug */ = {
			isa = XCBuildConfiguration;
			buildSettings = {
				ALWAYS_SEARCH_USER_PATHS = NO;
				CLANG_ANALYZER_NONNULL = YES;
				CLANG_ANALYZER_NUMBER_OBJECT_CONVERSION = YES_AGGRESSIVE;
				CLANG_CXX_LANGUAGE_STANDARD = "gnu++14";
				CLANG_CXX_LIBRARY = "libc++";
				CLANG_ENABLE_MODULES = YES;
				CLANG_ENABLE_OBJC_ARC = YES;
				CLANG_ENABLE_OBJC_WEAK = YES;
				CLANG_WARN_BLOCK_CAPTURE_AUTORELEASING = YES;
				CLANG_WARN_BOOL_CONVERSION = YES;
				CLANG_WARN_COMMA = YES;
				CLANG_WARN_CONSTANT_CONVERSION = YES;
				CLANG_WARN_DEPRECATED_OBJC_IMPLEMENTATIONS = YES;
				CLANG_WARN_DIRECT_OBJC_ISA_USAGE = YES_ERROR;
				CLANG_WARN_DOCUMENTATION_COMMENTS = YES;
				CLANG_WARN_EMPTY_BODY = YES;
				CLANG_WARN_ENUM_CONVERSION = YES;
				CLANG_WARN_INFINITE_RECURSION = YES;
				CLANG_WARN_INT_CONVERSION = YES;
				CLANG_WARN_NON_LITERAL_NULL_CONVERSION = YES;
				CLANG_WARN_OBJC_IMPLICIT_RETAIN_SELF = YES;
				CLANG_WARN_OBJC_LITERAL_CONVERSION = YES;
				CLANG_WARN_OBJC_ROOT_CLASS = YES_ERROR;
				CLANG_WARN_RANGE_LOOP_ANALYSIS = YES;
				CLANG_WARN_STRICT_PROTOTYPES = YES;
				CLANG_WARN_SUSPICIOUS_MOVE = YES;
				CLANG_WARN_UNGUARDED_AVAILABILITY = YES_AGGRESSIVE;
				CLANG_WARN_UNREACHABLE_CODE = YES;
				CLANG_WARN__DUPLICATE_METHOD_MATCH = YES;
				CODE_SIGN_IDENTITY = "iPhone Developer";
				COPY_PHASE_STRIP = NO;
				DEBUG_INFORMATION_FORMAT = dwarf;
				ENABLE_STRICT_OBJC_MSGSEND = YES;
				ENABLE_TESTABILITY = YES;
				GCC_C_LANGUAGE_STANDARD = gnu11;
				GCC_DYNAMIC_NO_PIC = NO;
				GCC_NO_COMMON_BLOCKS = YES;
				GCC_OPTIMIZATION_LEVEL = 0;
				GCC_PREPROCESSOR_DEFINITIONS = (
					"DEBUG=1",
					"$(inherited)",
				);
				GCC_WARN_64_TO_32_BIT_CONVERSION = YES;
				GCC_WARN_ABOUT_RETURN_TYPE = YES_ERROR;
				GCC_WARN_UNDECLARED_SELECTOR = YES;
				GCC_WARN_UNINITIALIZED_AUTOS = YES_AGGRESSIVE;
				GCC_WARN_UNUSED_FUNCTION = YES;
				GCC_WARN_UNUSED_VARIABLE = YES;
				IPHONEOS_DEPLOYMENT_TARGET = 11.3;
				MTL_ENABLE_DEBUG_INFO = YES;
				ONLY_ACTIVE_ARCH = YES;
				SDKROOT = iphoneos;
				SWIFT_ACTIVE_COMPILATION_CONDITIONS = DEBUG;
				SWIFT_OPTIMIZATION_LEVEL = "-Onone";
			};
			name = Debug;
		};
		98C43F5F2062473C00FC1A57 /* Release */ = {
			isa = XCBuildConfiguration;
			buildSettings = {
				ALWAYS_SEARCH_USER_PATHS = NO;
				CLANG_ANALYZER_NONNULL = YES;
				CLANG_ANALYZER_NUMBER_OBJECT_CONVERSION = YES_AGGRESSIVE;
				CLANG_CXX_LANGUAGE_STANDARD = "gnu++14";
				CLANG_CXX_LIBRARY = "libc++";
				CLANG_ENABLE_MODULES = YES;
				CLANG_ENABLE_OBJC_ARC = YES;
				CLANG_ENABLE_OBJC_WEAK = YES;
				CLANG_WARN_BLOCK_CAPTURE_AUTORELEASING = YES;
				CLANG_WARN_BOOL_CONVERSION = YES;
				CLANG_WARN_COMMA = YES;
				CLANG_WARN_CONSTANT_CONVERSION = YES;
				CLANG_WARN_DEPRECATED_OBJC_IMPLEMENTATIONS = YES;
				CLANG_WARN_DIRECT_OBJC_ISA_USAGE = YES_ERROR;
				CLANG_WARN_DOCUMENTATION_COMMENTS = YES;
				CLANG_WARN_EMPTY_BODY = YES;
				CLANG_WARN_ENUM_CONVERSION = YES;
				CLANG_WARN_INFINITE_RECURSION = YES;
				CLANG_WARN_INT_CONVERSION = YES;
				CLANG_WARN_NON_LITERAL_NULL_CONVERSION = YES;
				CLANG_WARN_OBJC_IMPLICIT_RETAIN_SELF = YES;
				CLANG_WARN_OBJC_LITERAL_CONVERSION = YES;
				CLANG_WARN_OBJC_ROOT_CLASS = YES_ERROR;
				CLANG_WARN_RANGE_LOOP_ANALYSIS = YES;
				CLANG_WARN_STRICT_PROTOTYPES = YES;
				CLANG_WARN_SUSPICIOUS_MOVE = YES;
				CLANG_WARN_UNGUARDED_AVAILABILITY = YES_AGGRESSIVE;
				CLANG_WARN_UNREACHABLE_CODE = YES;
				CLANG_WARN__DUPLICATE_METHOD_MATCH = YES;
				CODE_SIGN_IDENTITY = "iPhone Developer";
				COPY_PHASE_STRIP = NO;
				DEBUG_INFORMATION_FORMAT = "dwarf-with-dsym";
				ENABLE_NS_ASSERTIONS = NO;
				ENABLE_STRICT_OBJC_MSGSEND = YES;
				GCC_C_LANGUAGE_STANDARD = gnu11;
				GCC_NO_COMMON_BLOCKS = YES;
				GCC_WARN_64_TO_32_BIT_CONVERSION = YES;
				GCC_WARN_ABOUT_RETURN_TYPE = YES_ERROR;
				GCC_WARN_UNDECLARED_SELECTOR = YES;
				GCC_WARN_UNINITIALIZED_AUTOS = YES_AGGRESSIVE;
				GCC_WARN_UNUSED_FUNCTION = YES;
				GCC_WARN_UNUSED_VARIABLE = YES;
				IPHONEOS_DEPLOYMENT_TARGET = 11.3;
				MTL_ENABLE_DEBUG_INFO = NO;
				SDKROOT = iphoneos;
				SWIFT_COMPILATION_MODE = wholemodule;
				SWIFT_OPTIMIZATION_LEVEL = "-O";
				VALIDATE_PRODUCT = YES;
			};
			name = Release;
		};
		98C43F612062473C00FC1A57 /* Debug */ = {
			isa = XCBuildConfiguration;
			buildSettings = {
				ASSETCATALOG_COMPILER_APPICON_NAME = AppIcon;
				CODE_SIGN_STYLE = Automatic;
				INFOPLIST_FILE = "iOS逆er/Info.plist";
				LD_RUNPATH_SEARCH_PATHS = (
					"$(inherited)",
					"@executable_path/Frameworks",
				);
				PRODUCT_BUNDLE_IDENTIFIER = "qx.iOS-er";
				PRODUCT_NAME = "$(TARGET_NAME)";
				SWIFT_VERSION = 4.0;
				TARGETED_DEVICE_FAMILY = "1,2";
			};
			name = Debug;
		};
		98C43F622062473C00FC1A57 /* Release */ = {
			isa = XCBuildConfiguration;
			buildSettings = {
				ASSETCATALOG_COMPILER_APPICON_NAME = AppIcon;
				CODE_SIGN_STYLE = Automatic;
				INFOPLIST_FILE = "iOS逆er/Info.plist";
				LD_RUNPATH_SEARCH_PATHS = (
					"$(inherited)",
					"@executable_path/Frameworks",
				);
				PRODUCT_BUNDLE_IDENTIFIER = "qx.iOS-er";
				PRODUCT_NAME = "$(TARGET_NAME)";
				SWIFT_VERSION = 4.0;
				TARGETED_DEVICE_FAMILY = "1,2";
			};
			name = Release;
		};
		98C43F642062473C00FC1A57 /* Debug */ = {
			isa = XCBuildConfiguration;
			buildSettings = {
				ALWAYS_EMBED_SWIFT_STANDARD_LIBRARIES = YES;
				BUNDLE_LOADER = "$(TEST_HOST)";
				CODE_SIGN_STYLE = Automatic;
				INFOPLIST_FILE = "iOS逆erTests/Info.plist";
				LD_RUNPATH_SEARCH_PATHS = (
					"$(inherited)",
					"@executable_path/Frameworks",
					"@loader_path/Frameworks",
				);
				PRODUCT_BUNDLE_IDENTIFIER = "qx.iOS-erTests";
				PRODUCT_NAME = "$(TARGET_NAME)";
				SWIFT_VERSION = 4.0;
				TARGETED_DEVICE_FAMILY = "1,2";
				TEST_HOST = "$(BUILT_PRODUCTS_DIR)/iOS逆er.app/iOS逆er";
			};
			name = Debug;
		};
		98C43F652062473C00FC1A57 /* Release */ = {
			isa = XCBuildConfiguration;
			buildSettings = {
				ALWAYS_EMBED_SWIFT_STANDARD_LIBRARIES = YES;
				BUNDLE_LOADER = "$(TEST_HOST)";
				CODE_SIGN_STYLE = Automatic;
				INFOPLIST_FILE = "iOS逆erTests/Info.plist";
				LD_RUNPATH_SEARCH_PATHS = (
					"$(inherited)",
					"@executable_path/Frameworks",
					"@loader_path/Frameworks",
				);
				PRODUCT_BUNDLE_IDENTIFIER = "qx.iOS-erTests";
				PRODUCT_NAME = "$(TARGET_NAME)";
				SWIFT_VERSION = 4.0;
				TARGETED_DEVICE_FAMILY = "1,2";
				TEST_HOST = "$(BUILT_PRODUCTS_DIR)/iOS逆er.app/iOS逆er";
			};
			name = Release;
		};
		98C43F672062473C00FC1A57 /* Debug */ = {
			isa = XCBuildConfiguration;
			buildSettings = {
				ALWAYS_EMBED_SWIFT_STANDARD_LIBRARIES = YES;
				CODE_SIGN_STYLE = Automatic;
				INFOPLIST_FILE = "iOS逆erUITests/Info.plist";
				LD_RUNPATH_SEARCH_PATHS = (
					"$(inherited)",
					"@executable_path/Frameworks",
					"@loader_path/Frameworks",
				);
				PRODUCT_BUNDLE_IDENTIFIER = "qx.iOS-erUITests";
				PRODUCT_NAME = "$(TARGET_NAME)";
				SWIFT_VERSION = 4.0;
				TARGETED_DEVICE_FAMILY = "1,2";
				TEST_TARGET_NAME = "iOS逆er";
			};
			name = Debug;
		};
		98C43F682062473C00FC1A57 /* Release */ = {
			isa = XCBuildConfiguration;
			buildSettings = {
				ALWAYS_EMBED_SWIFT_STANDARD_LIBRARIES = YES;
				CODE_SIGN_STYLE = Automatic;
				INFOPLIST_FILE = "iOS逆erUITests/Info.plist";
				LD_RUNPATH_SEARCH_PATHS = (
					"$(inherited)",
					"@executable_path/Frameworks",
					"@loader_path/Frameworks",
				);
				PRODUCT_BUNDLE_IDENTIFIER = "qx.iOS-erUITests";
				PRODUCT_NAME = "$(TARGET_NAME)";
				SWIFT_VERSION = 4.0;
				TARGETED_DEVICE_FAMILY = "1,2";
				TEST_TARGET_NAME = "iOS逆er";
			};
			name = Release;
		};
/* End XCBuildConfiguration section */

/* Begin XCConfigurationList section */
		98C43F332062473700FC1A57 /* Build configuration list for PBXProject "iOS逆er" */ = {
			isa = XCConfigurationList;
			buildConfigurations = (
				98C43F5E2062473C00FC1A57 /* Debug */,
				98C43F5F2062473C00FC1A57 /* Release */,
			);
			defaultConfigurationIsVisible = 0;
			defaultConfigurationName = Release;
		};
		98C43F602062473C00FC1A57 /* Build configuration list for PBXNativeTarget "iOS逆er" */ = {
			isa = XCConfigurationList;
			buildConfigurations = (
				98C43F612062473C00FC1A57 /* Debug */,
				98C43F622062473C00FC1A57 /* Release */,
			);
			defaultConfigurationIsVisible = 0;
			defaultConfigurationName = Release;
		};
		98C43F632062473C00FC1A57 /* Build configuration list for PBXNativeTarget "iOS逆erTests" */ = {
			isa = XCConfigurationList;
			buildConfigurations = (
				98C43F642062473C00FC1A57 /* Debug */,
				98C43F652062473C00FC1A57 /* Release */,
			);
			defaultConfigurationIsVisible = 0;
			defaultConfigurationName = Release;
		};
		98C43F662062473C00FC1A57 /* Build configuration list for PBXNativeTarget "iOS逆erUITests" */ = {
			isa = XCConfigurationList;
			buildConfigurations = (
				98C43F672062473C00FC1A57 /* Debug */,
				98C43F682062473C00FC1A57 /* Release */,
			);
			defaultConfigurationIsVisible = 0;
			defaultConfigurationName = Release;
		};
/* End XCConfigurationList section */
	};
	rootObject = 98C43F302062473700FC1A57 /* Project object */;
}
